{
  "name": "autodevice-mcp",
  "version": "0.3.0",
  "lockfileVersion": 3,
  "requires": true,
  "packages": {
    "": {
      "name": "autodevice-mcp",
      "version": "0.3.0",
      "hasInstallScript": true,
      "license": "Apache-2.0",
      "bin": {
        "autodevice-mcp": "bin/autodevice-mcp.js"
      },
      "engines": {
        "node": ">=20"
      }
    }
  }
}
